// !$*UTF8*$!
{
	archiveVersion = 1;
	classes = {
	};
	objectVersion = 46;
	objects = {

/* Begin PBXBuildFile section */
		963A1FB01F2D955B00F6DE21 /* main.m in Sources */ = {isa = PBXBuildFile; fileRef = 963A1FAF1F2D955B00F6DE21 /* main.m */; };
		963A1FB31F2D955B00F6DE21 /* AppDelegate.m in Sources */ = {isa = PBXBuildFile; fileRef = 963A1FB21F2D955B00F6DE21 /* AppDelegate.m */; };
		963A1FB61F2D955B00F6DE21 /* ViewController.m in Sources */ = {isa = PBXBuildFile; fileRef = 963A1FB51F2D955B00F6DE21 /* ViewController.m */; };
		963A1FB91F2D955B00F6DE21 /* Main.storyboard in Resources */ = {isa = PBXBuildFile; fileRef = 963A1FB71F2D955B00F6DE21 /* Main.storyboard */; };
		963A1FBB1F2D955B00F6DE21 /* Assets.xcassets in Resources */ = {isa = PBXBuildFile; fileRef = 963A1FBA1F2D955B00F6DE21 /* Assets.xcassets */; };
		963A1FBE1F2D955B00F6DE21 /* LaunchScreen.storyboard in Resources */ = {isa = PBXBuildFile; fileRef = 963A1FBC1F2D955B00F6DE21 /* LaunchScreen.storyboard */; };
		963A1FCB1F2D95B000F6DE21 /* SJCircleView.m in Sources */ = {isa = PBXBuildFile; fileRef = 963A1FCA1F2D95B000F6DE21 /* SJCircleView.m */; };
/* End PBXBuildFile section */

/* Begin PBXFileReference section */
		963A1FAB1F2D955B00F6DE21 /* SJCircleViewKitDemo.app */ = {isa = PBXFileReference; explicitFileType = wrapper.application; includeInIndex = 0; path = SJCircleViewKitDemo.app; sourceTree = BUILT_PRODUCTS_DIR; };
		963A1FAF1F2D955B00F6DE21 /* main.m */ = {isa = PBXFileReference; lastKnownFileType = sourcecode.c.objc; path = main.m; sourceTree = "<group>"; };
		963A1FB11F2D955B00F6DE21 /* AppDelegate.h */ = {isa = PBXFileReference; lastKnownFileType = sourcecode.c.h; path = AppDelegate.h; sourceTree = "<group>"; };
		963A1FB21F2D955B00F6DE21 /* AppDelegate.m */ = {isa = PBXFileReference; lastKnownFileType = sourcecode.c.objc; path = AppDelegate.m; sourceTree = "<group>"; };
		963A1FB41F2D955B00F6DE21 /* ViewController.h */ = {isa = PBXFileReference; lastKnownFileType = sourcecode.c.h; path = ViewController.h; sourceTree = "<group>"; };
		963A1FB51F2D955B00F6DE21 /* ViewController.m */ = {isa = PBXFileReference; lastKnownFileType = sourcecode.c.objc; path = ViewController.m; sourceTree = "<group>"; };
		963A1FB81F2D955B00F6DE21 /* Base */ = {isa = PBXFileReference; lastKnownFileType = file.storyboard; name = Base; path = Base.lproj/Main.storyboard; sourceTree = "<group>"; };
		963A1FBA1F2D955B00F6DE21 /* Assets.xcassets */ = {isa = PBXFileReference; lastKnownFileType = folder.assetcatalog; path = Assets.xcassets; sourceTree = "<group>"; };
		963A1FBD1F2D955B00F6DE21 /* Base */ = {isa = PBXFileReference; lastKnownFileType = file.storyboard; name = Base; path = Base.lproj/LaunchScreen.storyboard; sourceTree = "<group>"; };
		963A1FBF1F2D955B00F6DE21 /* Info.plist */ = {isa = PBXFileReference; lastKnownFileType = text.plist.xml; path = Info.plist; sourceTree = "<group>"; };
		963A1FC91F2D95B000F6DE21 /* SJCircleView.h */ = {isa = PBXFileReference; fileEncoding = 4; lastKnownFileType = sourcecode.c.h; path = SJCircleView.h; sourceTree = "<group>"; };
		963A1FCA1F2D95B000F6DE21 /* SJCircleView.m */ = {isa = PBXFileReference; fileEncoding = 4; lastKnownFileType = sourcecode.c.objc; path = SJCircleView.m; sourceTree = "<group>"; };
/* End PBXFileReference section */

/* Begin PBXFrameworksBuildPhase section */
		963A1FA81F2D955B00F6DE21 /* Frameworks */ = {
			isa = PBXFrameworksBuildPhase;
			buildActionMask = 2147483647;
			files = (
			);
			runOnlyForDeploymentPostprocessing = 0;
		};
/* End PBXFrameworksBuildPhase section */

/* Begin PBXGroup section */
		963A1FA21F2D955B00F6DE21 = {
			isa = PBXGroup;
			children = (
				963A1FAD1F2D955B00F6DE21 /* SJCircleViewKitDemo */,
				963A1FAC1F2D955B00F6DE21 /* Products */,
			);
			sourceTree = "<group>";
		};
		963A1FAC1F2D955B00F6DE21 /* Products */ = {
			isa = PBXGroup;
			children = (
				963A1FAB1F2D955B00F6DE21 /* SJCircleViewKitDemo.app */,
			);
			name = Products;
			sourceTree = "<group>";
		};
		963A1FAD1F2D955B00F6DE21 /* SJCircleViewKitDemo */ = {
			isa = PBXGroup;
			children = (
				963A1FC51F2D956E00F6DE21 /* SJCircleViewKit */,
				963A1FB11F2D955B00F6DE21 /* AppDelegate.h */,
				963A1FB21F2D955B00F6DE21 /* AppDelegate.m */,
				963A1FB41F2D955B00F6DE21 /* ViewController.h */,
				963A1FB51F2D955B00F6DE21 /* ViewController.m */,
				963A1FB71F2D955B00F6DE21 /* Main.storyboard */,
				963A1FBA1F2D955B00F6DE21 /* Assets.xcassets */,
				963A1FBC1F2D955B00F6DE21 /* LaunchScreen.storyboard */,
				963A1FBF1F2D955B00F6DE21 /* Info.plist */,
				963A1FAE1F2D955B00F6DE21 /* Supporting Files */,
			);
			path = SJCircleViewKitDemo;
			sourceTree = "<group>";
		};
		963A1FAE1F2D955B00F6DE21 /* Supporting Files */ = {
			isa = PBXGroup;
			children = (
				963A1FAF1F2D955B00F6DE21 /* main.m */,
			);
			name = "Supporting Files";
			sourceTree = "<group>";
		};
		963A1FC51F2D956E00F6DE21 /* SJCircleViewKit */ = {
			isa = PBXGroup;
			children = (
				963A1FC91F2D95B000F6DE21 /* SJCircleView.h */,
				963A1FCA1F2D95B000F6DE21 /* SJCircleView.m */,
			);
			path = SJCircleViewKit;
			sourceTree = "<group>";
		};
/* End PBXGroup section */

/* Begin PBXNativeTarget section */
		963A1FAA1F2D955B00F6DE21 /* SJCircleViewKitDemo */ = {
			isa = PBXNativeTarget;
			buildConfigurationList = 963A1FC21F2D955B00F6DE21 /* Build configuration list for PBXNativeTarget "SJCircleViewKitDemo" */;
			buildPhases = (
				963A1FA71F2D955B00F6DE21 /* Sources */,
				963A1FA81F2D955B00F6DE21 /* Frameworks */,
				963A1FA91F2D955B00F6DE21 /* Resources */,
			);
			buildRules = (
			);
			dependencies = (
			);
			name = SJCircleViewKitDemo;
			productName = SJCircleViewKitDemo;
			productReference = 963A1FAB1F2D955B00F6DE21 /* SJCircleViewKitDemo.app */;
			productType = "com.apple.product-type.application";
		};
/* End PBXNativeTarget section */

/* Begin PBXProject section */
		963A1FA31F2D955B00F6DE21 /* Project object */ = {
			isa = PBXProject;
			attributes = {
				LastUpgradeCheck = 0830;
				ORGANIZATIONNAME = com.shengpay.mpos.shengshua;
				TargetAttributes = {
					963A1FAA1F2D955B00F6DE21 = {
						CreatedOnToolsVersion = 8.3.3;
						DevelopmentTeam = 6V3H2BMVZC;
						ProvisioningStyle = Automatic;
					};
				};
			};
			buildConfigurationList = 963A1FA61F2D955B00F6DE21 /* Build configuration list for PBXProject "SJCircleViewKitDemo" */;
			compatibilityVersion = "Xcode 3.2";
			developmentRegion = English;
			hasScannedForEncodings = 0;
			knownRegions = (
				en,
				Base,
			);
			mainGroup = 963A1FA21F2D955B00F6DE21;
			productRefGroup = 963A1FAC1F2D955B00F6DE21 /* Products */;
			projectDirPath = "";
			projectRoot = "";
			targets = (
				963A1FAA1F2D955B00F6DE21 /* SJCircleViewKitDemo */,
			);
		};
/* End PBXProject section */

/* Begin PBXResourcesBuildPhase section */
		963A1FA91F2D955B00F6DE21 /* Resources */ = {
			isa = PBXResourcesBuildPhase;
			buildActionMask = 2147483647;
			files = (
				963A1FBE1F2D955B00F6DE21 /* LaunchScreen.storyboard in Resources */,
				963A1FBB1F2D955B00F6DE21 /* Assets.xcassets in Resources */,
				963A1FB91F2D955B00F6DE21 /* Main.storyboard in Resources */,
			);
			runOnlyForDeploymentPostprocessing = 0;
		};
/* End PBXResourcesBuildPhase section */

/* Begin PBXSourcesBuildPhase section */
		963A1FA71F2D955B00F6DE21 /* Sources */ = {
			isa = PBXSourcesBuildPhase;
			buildActionMask = 2147483647;
			files = (
				963A1FB61F2D955B00F6DE21 /* ViewController.m in Sources */,
				963A1FB31F2D955B00F6DE21 /* AppDelegate.m in Sources */,
				963A1FB01F2D955B00F6DE21 /* main.m in Sources */,
				963A1FCB1F2D95B000F6DE21 /* SJCircleView.m in Sources */,
			);
			runOnlyForDeploymentPostprocessing = 0;
		};
/* End PBXSourcesBuildPhase section */

/* Begin PBXVariantGroup section */
		963A1FB71F2D955B00F6DE21 /* Main.storyboard */ = {
			isa = PBXVariantGroup;
			children = (
				963A1FB81F2D955B00F6DE21 /* Base */,
			);
			name = Main.storyboard;
			sourceTree = "<group>";
		};
		963A1FBC1F2D955B00F6DE21 /* LaunchScreen.storyboard */ = {
			isa = PBXVariantGroup;
			children = (
				963A1FBD1F2D955B00F6DE21 /* Base */,
			);
			name = LaunchScreen.storyboard;
			sourceTree = "<group>";
		};
/* End PBXVariantGroup section */

/* Begin XCBuildConfiguration section */
		963A1FC01F2D955B00F6DE21 /* Debug */ = {
			isa = XCBuildConfiguration;
			buildSettings = {
				ALWAYS_SEARCH_USER_PATHS = NO;
				CLANG_ANALYZER_NONNULL = YES;
				CLANG_ANALYZER_NUMBER_OBJECT_CONVERSION = YES_AGGRESSIVE;
				CLANG_CXX_LANGUAGE_STANDARD = "gnu++0x";
				CLANG_CXX_LIBRARY = "libc++";
				CLANG_ENABLE_MODULES = YES;
				CLANG_ENABLE_OBJC_ARC = YES;
				CLANG_WARN_BOOL_CONVERSION = YES;
				CLANG_WARN_CONSTANT_CONVERSION = YES;
				CLANG_WARN_DIRECT_OBJC_ISA_USAGE = YES_ERROR;
				CLANG_WARN_DOCUMENTATION_COMMENTS = YES;
				CLANG_WARN_EMPTY_BODY = YES;
				CLANG_WARN_ENUM_CONVERSION = YES;
				CLANG_WARN_INFINITE_RECURSION = YES;
				CLANG_WARN_INT_CONVERSION = YES;
				CLANG_WARN_OBJC_ROOT_CLASS = YES_ERROR;
				CLANG_WARN_SUSPICIOUS_MOVE = YES;
				CLANG_WARN_UNREACHABLE_CODE = YES;
				CLANG_WARN__DUPLICATE_METHOD_MATCH = YES;
				"CODE_SIGN_IDENTITY[sdk=iphoneos*]" = "iPhone Developer";
				COPY_PHASE_STRIP = NO;
				DEBUG_INFORMATION_FORMAT = dwarf;
				ENABLE_STRICT_OBJC_MSGSEND = YES;
				ENABLE_TESTABILITY = YES;
				GCC_C_LANGUAGE_STANDARD = gnu99;
				GCC_DYNAMIC_NO_PIC = NO;
				GCC_NO_COMMON_BLOCKS = YES;
				GCC_OPTIMIZATION_LEVEL = 0;
				GCC_PREPROCESSOR_DEFINITIONS = (
					"DEBUG=1",
					"$(inherited)",
				);
				GCC_WARN_64_TO_32_BIT_CONVERSION = YES;
				GCC_WARN_ABOUT_RETURN_TYPE = YES_ERROR;
				GCC_WARN_UNDECLARED_SELECTOR = YES;
				GCC_WARN_UNINITIALIZED_AUTOS = YES_AGGRESSIVE;
				GCC_WARN_UNUSED_FUNCTION = YES;
				GCC_WARN_UNUSED_VARIABLE = YES;
				IPHONEOS_DEPLOYMENT_TARGET = 10.3;
				MTL_ENABLE_DEBUG_INFO = YES;
				ONLY_ACTIVE_ARCH = YES;
				SDKROOT = iphoneos;
			};
			name = Debug;
		};
		963A1FC11F2D955B00F6DE21 /* Release */ = {
			isa = XCBuildConfiguration;
			buildSettings = {
				ALWAYS_SEARCH_USER_PATHS = NO;
				CLANG_ANALYZER_NONNULL = YES;
				CLANG_ANALYZER_NUMBER_OBJECT_CONVERSION = YES_AGGRESSIVE;
				CLANG_CXX_LANGUAGE_STANDARD = "gnu++0x";
				CLANG_CXX_LIBRARY = "libc++";
				CLANG_ENABLE_MODULES = YES;
				CLANG_ENABLE_OBJC_ARC = YES;
				CLANG_WARN_BOOL_CONVERSION = YES;
				CLANG_WARN_CONSTANT_CONVERSION = YES;
				CLANG_WARN_DIRECT_OBJC_ISA_USAGE = YES_ERROR;
				CLANG_WARN_DOCUMENTATION_COMMENTS = YES;
				CLANG_WARN_EMPTY_BODY = YES;
				CLANG_WARN_ENUM_CONVERSION = YES;
				CLANG_WARN_INFINITE_RECURSION = YES;
				CLANG_WARN_INT_CONVERSION = YES;
				CLANG_WARN_OBJC_ROOT_CLASS = YES_ERROR;
				CLANG_WARN_SUSPICIOUS_MOVE = YES;
				CLANG_WARN_UNREACHABLE_CODE = YES;
				CLANG_WARN__DUPLICATE_METHOD_MATCH = YES;
				"CODE_SIGN_IDENTITY[sdk=iphoneos*]" = "iPhone Developer";
				COPY_PHASE_STRIP = NO;
				DEBUG_INFORMATION_FORMAT = "dwarf-with-dsym";
				ENABLE_NS_ASSERTIONS = NO;
				ENABLE_STRICT_OBJC_MSGSEND = YES;
				GCC_C_LANGUAGE_STANDARD = gnu99;
				GCC_NO_COMMON_BLOCKS = YES;
				GCC_WARN_64_TO_32_BIT_CONVERSION = YES;
				GCC_WARN_ABOUT_RETURN_TYPE = YES_ERROR;
				GCC_WARN_UNDECLARED_SELECTOR = YES;
				GCC_WARN_UNINITIALIZED_AUTOS = YES_AGGRESSIVE;
				GCC_WARN_UNUSED_FUNCTION = YES;
				GCC_WARN_UNUSED_VARIABLE = YES;
				IPHONEOS_DEPLOYMENT_TARGET = 10.3;
				MTL_ENABLE_DEBUG_INFO = NO;
				SDKROOT = iphoneos;
				VALIDATE_PRODUCT = YES;
			};
			name = Release;
		};
		963A1FC31F2D955B00F6DE21 /* Debug */ = {
			isa = XCBuildConfiguration;
			buildSettings = {
				ASSETCATALOG_COMPILER_APPICON_NAME = AppIcon;
				DEVELOPMENT_TEAM = 6V3H2BMVZC;
				INFOPLIST_FILE = SJCircleViewKitDemo/Info.plist;
				LD_RUNPATH_SEARCH_PATHS = "$(inherited) @executable_path/Frameworks";
				PRODUCT_BUNDLE_IDENTIFIER = com.soulja.SJCircleViewKitDemo;
				PRODUCT_NAME = "$(TARGET_NAME)";
			};
			name = Debug;
		};
		963A1FC41F2D955B00F6DE21 /* Release */ = {
			isa = XCBuildConfiguration;
			buildSettings = {
				ASSETCATALOG_COMPILER_APPICON_NAME = AppIcon;
				DEVELOPMENT_TEAM = 6V3H2BMVZC;
				INFOPLIST_FILE = SJCircleViewKitDemo/Info.plist;
				LD_RUNPATH_SEARCH_PATHS = "$(inherited) @executable_path/Frameworks";
				PRODUCT_BUNDLE_IDENTIFIER = com.soulja.SJCircleViewKitDemo;
				PRODUCT_NAME = "$(TARGET_NAME)";
			};
			name = Release;
		};
/* End XCBuildConfiguration section */

/* Begin XCConfigurationList section */
		963A1FA61F2D955B00F6DE21 /* Build configuration list for PBXProject "SJCircleViewKitDemo" */ = {
			isa = XCConfigurationList;
			buildConfigurations = (
				963A1FC01F2D955B00F6DE21 /* Debug */,
				963A1FC11F2D955B00F6DE21 /* Release */,
			);
			defaultConfigurationIsVisible = 0;
			defaultConfigurationName = Release;
		};
		963A1FC21F2D955B00F6DE21 /* Build configuration list for PBXNativeTarget "SJCircleViewKitDemo" */ = {
			isa = XCConfigurationList;
			buildConfigurations = (
				963A1FC31F2D955B00F6DE21 /* Debug */,
				963A1FC41F2D955B00F6DE21 /* Release */,
			);
			defaultConfigurationIsVisible = 0;
		};
/* End XCConfigurationList section */
	};
	rootObject = 963A1FA31F2D955B00F6DE21 /* Project object */;
}
